// !$*UTF8*$!
{
	archiveVersion = 1;
	classes = {
	};
	objectVersion = 56;
	objects = {

/* Begin PBXBuildFile section */
		251DD5742A1520C6005951B8 /* AppDelegate.swift in Sources */ = {isa = PBXBuildFile; fileRef = 251DD5732A1520C6005951B8 /* AppDelegate.swift */; };
		251DD5762A1520C6005951B8 /* SceneDelegate.swift in Sources */ = {isa = PBXBuildFile; fileRef = 251DD5752A1520C6005951B8 /* SceneDelegate.swift */; };
		251DD5802A1520C7005951B8 /* LaunchScreen.storyboard in Resources */ = {isa = PBXBuildFile; fileRef = 251DD57E2A1520C7005951B8 /* LaunchScreen.storyboard */; };
		251DD59A2A152309005951B8 /* SnapKit in Frameworks */ = {isa = PBXBuildFile; productRef = 251DD5992A152309005951B8 /* SnapKit */; };
		251DD59D2A152313005951B8 /* Then in Frameworks */ = {isa = PBXBuildFile; productRef = 251DD59C2A152313005951B8 /* Then */; };
		251DD5A02A15231E005951B8 /* Alamofire in Frameworks */ = {isa = PBXBuildFile; productRef = 251DD59F2A15231E005951B8 /* Alamofire */; };
		251DD5A22A152393005951B8 /* UIViewController+Extension.swift in Sources */ = {isa = PBXBuildFile; fileRef = 251DD5A12A152393005951B8 /* UIViewController+Extension.swift */; };
		251DD5A42A1523C3005951B8 /* UIView+Extension .swift in Sources */ = {isa = PBXBuildFile; fileRef = 251DD5A32A1523C3005951B8 /* UIView+Extension .swift */; };
		251DD5A62A15249C005951B8 /* UILabel+Extension.swift in Sources */ = {isa = PBXBuildFile; fileRef = 251DD5A52A15249C005951B8 /* UILabel+Extension.swift */; };
		251DD5A82A1525AD005951B8 /* NetworkResult.swift in Sources */ = {isa = PBXBuildFile; fileRef = 251DD5A72A1525AD005951B8 /* NetworkResult.swift */; };
		251DD5AA2A1525EC005951B8 /* UIImageView+Extention.swift in Sources */ = {isa = PBXBuildFile; fileRef = 251DD5A92A1525EC005951B8 /* UIImageView+Extention.swift */; };
		251DD5AD2A15262F005951B8 /* Kingfisher in Frameworks */ = {isa = PBXBuildFile; productRef = 251DD5AC2A15262F005951B8 /* Kingfisher */; };
		251DD5AF2A152714005951B8 /* BaseViewController.swift in Sources */ = {isa = PBXBuildFile; fileRef = 251DD5AE2A152714005951B8 /* BaseViewController.swift */; };
		251DD5B12A152725005951B8 /* BaseView.swift in Sources */ = {isa = PBXBuildFile; fileRef = 251DD5B02A152725005951B8 /* BaseView.swift */; };
		25491B592A18FAEC00B16FA8 /* c.swift in Sources */ = {isa = PBXBuildFile; fileRef = 25491B582A18FAEC00B16FA8 /* c.swift */; };
		25491B5B2A18FAF100B16FA8 /* d.swift in Sources */ = {isa = PBXBuildFile; fileRef = 25491B5A2A18FAF100B16FA8 /* d.swift */; };
		25491B5D2A18FAF500B16FA8 /* e.swift in Sources */ = {isa = PBXBuildFile; fileRef = 25491B5C2A18FAF500B16FA8 /* e.swift */; };
		25491B5F2A18FAFE00B16FA8 /* f.swift in Sources */ = {isa = PBXBuildFile; fileRef = 25491B5E2A18FAFE00B16FA8 /* f.swift */; };
		25491B612A18FB0800B16FA8 /* g.swift in Sources */ = {isa = PBXBuildFile; fileRef = 25491B602A18FB0800B16FA8 /* g.swift */; };
		25491B652A19171B00B16FA8 /* TabBarViewController.swift in Sources */ = {isa = PBXBuildFile; fileRef = 25491B642A19171B00B16FA8 /* TabBarViewController.swift */; };

		A45E93BF2A192FAE0062E313 /* ProfileDetailView.swift in Sources */ = {isa = PBXBuildFile; fileRef = A45E93BE2A192FAE0062E313 /* ProfileDetailView.swift */; };
		A45E93C22A1935380062E313 /* ProfileDetail.swift in Sources */ = {isa = PBXBuildFile; fileRef = A45E93C12A1935380062E313 /* ProfileDetail.swift */; };
		A45E93C42A1939B40062E313 /* ProfileDetailTableViewCell.swift in Sources */ = {isa = PBXBuildFile; fileRef = A45E93C32A1939B40062E313 /* ProfileDetailTableViewCell.swift */; };
		A45E93C72A1940510062E313 /* ProfileDetailViewController.swift in Sources */ = {isa = PBXBuildFile; fileRef = A45E93C62A1940510062E313 /* ProfileDetailViewController.swift */; };

		25491B752A192F0600B16FA8 /* MatchingListView.swift in Sources */ = {isa = PBXBuildFile; fileRef = 25491B742A192F0600B16FA8 /* MatchingListView.swift */; };
		25491B782A192F1800B16FA8 /* MatchingListViewController.swift in Sources */ = {isa = PBXBuildFile; fileRef = 25491B772A192F1800B16FA8 /* MatchingListViewController.swift */; };
		25491B7A2A1930F500B16FA8 /* MatchingListTableViewCell.swift in Sources */ = {isa = PBXBuildFile; fileRef = 25491B792A1930F500B16FA8 /* MatchingListTableViewCell.swift */; };
		25491B7C2A19376700B16FA8 /* MatchingListViewData.swift in Sources */ = {isa = PBXBuildFile; fileRef = 25491B7B2A19376700B16FA8 /* MatchingListViewData.swift */; };
		3E9C067E2A190B38004624B4 /* FirstInputDataViewController.swift in Sources */ = {isa = PBXBuildFile; fileRef = 3E9C067D2A190B38004624B4 /* FirstInputDataViewController.swift */; };
		3E9C06822A190B8D004624B4 /* FirstInputView.swift in Sources */ = {isa = PBXBuildFile; fileRef = 3E9C06812A190B8D004624B4 /* FirstInputView.swift */; };
		3E9C06842A190BD3004624B4 /* ButtonSetView.swift in Sources */ = {isa = PBXBuildFile; fileRef = 3E9C06832A190BD3004624B4 /* ButtonSetView.swift */; };
		3E9C06882A191378004624B4 /* BasicCell.swift in Sources */ = {isa = PBXBuildFile; fileRef = 3E9C06872A191378004624B4 /* BasicCell.swift */; };
		3E9C068D2A192BC2004624B4 /* SecondInputView.swift in Sources */ = {isa = PBXBuildFile; fileRef = 3E9C068C2A192BC2004624B4 /* SecondInputView.swift */; };
		3E9C06902A1935B0004624B4 /* SecondInputDataViewController.swift in Sources */ = {isa = PBXBuildFile; fileRef = 3E9C068F2A1935B0004624B4 /* SecondInputDataViewController.swift */; };
		3E9C06922A193942004624B4 /* TextfieldWithLabelView.swift in Sources */ = {isa = PBXBuildFile; fileRef = 3E9C06912A193942004624B4 /* TextfieldWithLabelView.swift */; };
		3E9C06962A1944F7004624B4 /* UITextField+Extension.swift in Sources */ = {isa = PBXBuildFile; fileRef = 3E9C06952A1944F7004624B4 /* UITextField+Extension.swift */; };
		3E9C06A02A195AED004624B4 /* Assets.xcassets in Resources */ = {isa = PBXBuildFile; fileRef = 3E9C069F2A195AED004624B4 /* Assets.xcassets */; };
		3E9C06A22A195B1D004624B4 /* ImageLiteral.swift in Sources */ = {isa = PBXBuildFile; fileRef = 3E9C06A12A195B1D004624B4 /* ImageLiteral.swift */; };
		3E9C06A42A195DD9004624B4 /* UIColor+Extension.swift in Sources */ = {isa = PBXBuildFile; fileRef = 3E9C06A32A195DD9004624B4 /* UIColor+Extension.swift */; };
		3E9C06AE2A195EB8004624B4 /* Pretendard-Thin.otf in Resources */ = {isa = PBXBuildFile; fileRef = 3E9C06A52A195EB8004624B4 /* Pretendard-Thin.otf */; };
		3E9C06AF2A195EB8004624B4 /* Pretendard-Black.otf in Resources */ = {isa = PBXBuildFile; fileRef = 3E9C06A62A195EB8004624B4 /* Pretendard-Black.otf */; };
		3E9C06B02A195EB8004624B4 /* Pretendard-SemiBold.otf in Resources */ = {isa = PBXBuildFile; fileRef = 3E9C06A72A195EB8004624B4 /* Pretendard-SemiBold.otf */; };
		3E9C06B12A195EB8004624B4 /* Pretendard-Bold.otf in Resources */ = {isa = PBXBuildFile; fileRef = 3E9C06A82A195EB8004624B4 /* Pretendard-Bold.otf */; };
		3E9C06B22A195EB8004624B4 /* Pretendard-Light.otf in Resources */ = {isa = PBXBuildFile; fileRef = 3E9C06A92A195EB8004624B4 /* Pretendard-Light.otf */; };
		3E9C06B32A195EB8004624B4 /* Pretendard-ExtraLight.otf in Resources */ = {isa = PBXBuildFile; fileRef = 3E9C06AA2A195EB8004624B4 /* Pretendard-ExtraLight.otf */; };
		3E9C06B42A195EB8004624B4 /* Pretendard-Medium.otf in Resources */ = {isa = PBXBuildFile; fileRef = 3E9C06AB2A195EB8004624B4 /* Pretendard-Medium.otf */; };
		3E9C06B52A195EB8004624B4 /* Pretendard-Regular.otf in Resources */ = {isa = PBXBuildFile; fileRef = 3E9C06AC2A195EB8004624B4 /* Pretendard-Regular.otf */; };
		3E9C06B62A195EB8004624B4 /* Pretendard-ExtraBold.otf in Resources */ = {isa = PBXBuildFile; fileRef = 3E9C06AD2A195EB8004624B4 /* Pretendard-ExtraBold.otf */; };
		3E9C06B82A195ED8004624B4 /* UIFont+Extension.swift in Sources */ = {isa = PBXBuildFile; fileRef = 3E9C06B72A195ED8004624B4 /* UIFont+Extension.swift */; };

		A4D7272B2A190F3D00A00E16 /* NavigationBarView.swift in Sources */ = {isa = PBXBuildFile; fileRef = A4D7272A2A190F3D00A00E16 /* NavigationBarView.swift */; };
		A4D7272F2A1916CB00A00E16 /* NavigationBarViewController.swift in Sources */ = {isa = PBXBuildFile; fileRef = A4D7272E2A1916CB00A00E16 /* NavigationBarViewController.swift */; };
		C30F6D372A19179D003A119E /* HomeViewController.swift in Sources */ = {isa = PBXBuildFile; fileRef = C30F6D362A19179D003A119E /* HomeViewController.swift */; };
		C30F6D3A2A191A87003A119E /* HomeCollectionViewCell.swift in Sources */ = {isa = PBXBuildFile; fileRef = C30F6D392A191A87003A119E /* HomeCollectionViewCell.swift */; };
		C30F6D3D2A193662003A119E /* MatchingViewController.swift in Sources */ = {isa = PBXBuildFile; fileRef = C30F6D3C2A193662003A119E /* MatchingViewController.swift */; };
		C30F6D412A193A47003A119E /* MatchingCollectionViewCell.swift in Sources */ = {isa = PBXBuildFile; fileRef = C30F6D402A193A47003A119E /* MatchingCollectionViewCell.swift */; };
		C30F6D472A196A48003A119E /* Config.swift in Sources */ = {isa = PBXBuildFile; fileRef = C30F6D462A196A48003A119E /* Config.swift */; };
		C30F6D492A196BF2003A119E /* Home.swift in Sources */ = {isa = PBXBuildFile; fileRef = C30F6D482A196BF2003A119E /* Home.swift */; };
		C30F6D4B2A196C47003A119E /* HomeService.swift in Sources */ = {isa = PBXBuildFile; fileRef = C30F6D4A2A196C47003A119E /* HomeService.swift */; };
		C30F6D4D2A198380003A119E /* Matching.swift in Sources */ = {isa = PBXBuildFile; fileRef = C30F6D4C2A198380003A119E /* Matching.swift */; };
		C30F6D4F2A1983B2003A119E /* MatchingService.swift in Sources */ = {isa = PBXBuildFile; fileRef = C30F6D4E2A1983B2003A119E /* MatchingService.swift */; };
/* End PBXBuildFile section */

/* Begin PBXFileReference section */
		251DD5702A1520C6005951B8 /* SOPKATHON-11-iOS.app */ = {isa = PBXFileReference; explicitFileType = wrapper.application; includeInIndex = 0; path = "SOPKATHON-11-iOS.app"; sourceTree = BUILT_PRODUCTS_DIR; };
		251DD5732A1520C6005951B8 /* AppDelegate.swift */ = {isa = PBXFileReference; lastKnownFileType = sourcecode.swift; path = AppDelegate.swift; sourceTree = "<group>"; };
		251DD5752A1520C6005951B8 /* SceneDelegate.swift */ = {isa = PBXFileReference; lastKnownFileType = sourcecode.swift; path = SceneDelegate.swift; sourceTree = "<group>"; };
		251DD57F2A1520C7005951B8 /* Base */ = {isa = PBXFileReference; lastKnownFileType = file.storyboard; name = Base; path = Base.lproj/LaunchScreen.storyboard; sourceTree = "<group>"; };
		251DD5812A1520C7005951B8 /* Info.plist */ = {isa = PBXFileReference; lastKnownFileType = text.plist.xml; path = Info.plist; sourceTree = "<group>"; };
		251DD5A12A152393005951B8 /* UIViewController+Extension.swift */ = {isa = PBXFileReference; lastKnownFileType = sourcecode.swift; path = "UIViewController+Extension.swift"; sourceTree = "<group>"; };
		251DD5A32A1523C3005951B8 /* UIView+Extension .swift */ = {isa = PBXFileReference; lastKnownFileType = sourcecode.swift; path = "UIView+Extension .swift"; sourceTree = "<group>"; };
		251DD5A52A15249C005951B8 /* UILabel+Extension.swift */ = {isa = PBXFileReference; lastKnownFileType = sourcecode.swift; path = "UILabel+Extension.swift"; sourceTree = "<group>"; };
		251DD5A72A1525AD005951B8 /* NetworkResult.swift */ = {isa = PBXFileReference; lastKnownFileType = sourcecode.swift; path = NetworkResult.swift; sourceTree = "<group>"; };
		251DD5A92A1525EC005951B8 /* UIImageView+Extention.swift */ = {isa = PBXFileReference; lastKnownFileType = sourcecode.swift; path = "UIImageView+Extention.swift"; sourceTree = "<group>"; };
		251DD5AE2A152714005951B8 /* BaseViewController.swift */ = {isa = PBXFileReference; lastKnownFileType = sourcecode.swift; path = BaseViewController.swift; sourceTree = "<group>"; };
		251DD5B02A152725005951B8 /* BaseView.swift */ = {isa = PBXFileReference; lastKnownFileType = sourcecode.swift; path = BaseView.swift; sourceTree = "<group>"; };
		25491B582A18FAEC00B16FA8 /* c.swift */ = {isa = PBXFileReference; lastKnownFileType = sourcecode.swift; path = c.swift; sourceTree = "<group>"; };
		25491B5A2A18FAF100B16FA8 /* d.swift */ = {isa = PBXFileReference; lastKnownFileType = sourcecode.swift; path = d.swift; sourceTree = "<group>"; };
		25491B5C2A18FAF500B16FA8 /* e.swift */ = {isa = PBXFileReference; lastKnownFileType = sourcecode.swift; path = e.swift; sourceTree = "<group>"; };
		25491B5E2A18FAFE00B16FA8 /* f.swift */ = {isa = PBXFileReference; lastKnownFileType = sourcecode.swift; path = f.swift; sourceTree = "<group>"; };
		25491B602A18FB0800B16FA8 /* g.swift */ = {isa = PBXFileReference; lastKnownFileType = sourcecode.swift; path = g.swift; sourceTree = "<group>"; };
		25491B642A19171B00B16FA8 /* TabBarViewController.swift */ = {isa = PBXFileReference; lastKnownFileType = sourcecode.swift; path = TabBarViewController.swift; sourceTree = "<group>"; };

		A45E93BE2A192FAE0062E313 /* ProfileDetailView.swift */ = {isa = PBXFileReference; lastKnownFileType = sourcecode.swift; path = ProfileDetailView.swift; sourceTree = "<group>"; };
		A45E93C12A1935380062E313 /* ProfileDetail.swift */ = {isa = PBXFileReference; lastKnownFileType = sourcecode.swift; path = ProfileDetail.swift; sourceTree = "<group>"; };
		A45E93C32A1939B40062E313 /* ProfileDetailTableViewCell.swift */ = {isa = PBXFileReference; lastKnownFileType = sourcecode.swift; path = ProfileDetailTableViewCell.swift; sourceTree = "<group>"; };
		A45E93C62A1940510062E313 /* ProfileDetailViewController.swift */ = {isa = PBXFileReference; lastKnownFileType = sourcecode.swift; path = ProfileDetailViewController.swift; sourceTree = "<group>"; };

		25491B742A192F0600B16FA8 /* MatchingListView.swift */ = {isa = PBXFileReference; lastKnownFileType = sourcecode.swift; path = MatchingListView.swift; sourceTree = "<group>"; };
		25491B772A192F1800B16FA8 /* MatchingListViewController.swift */ = {isa = PBXFileReference; lastKnownFileType = sourcecode.swift; path = MatchingListViewController.swift; sourceTree = "<group>"; };
		25491B792A1930F500B16FA8 /* MatchingListTableViewCell.swift */ = {isa = PBXFileReference; lastKnownFileType = sourcecode.swift; path = MatchingListTableViewCell.swift; sourceTree = "<group>"; };
		25491B7B2A19376700B16FA8 /* MatchingListViewData.swift */ = {isa = PBXFileReference; lastKnownFileType = sourcecode.swift; path = MatchingListViewData.swift; sourceTree = "<group>"; };
		3E9C067D2A190B38004624B4 /* FirstInputDataViewController.swift */ = {isa = PBXFileReference; lastKnownFileType = sourcecode.swift; path = FirstInputDataViewController.swift; sourceTree = "<group>"; };
		3E9C06812A190B8D004624B4 /* FirstInputView.swift */ = {isa = PBXFileReference; lastKnownFileType = sourcecode.swift; path = FirstInputView.swift; sourceTree = "<group>"; };
		3E9C06832A190BD3004624B4 /* ButtonSetView.swift */ = {isa = PBXFileReference; lastKnownFileType = sourcecode.swift; path = ButtonSetView.swift; sourceTree = "<group>"; };
		3E9C06872A191378004624B4 /* BasicCell.swift */ = {isa = PBXFileReference; lastKnownFileType = sourcecode.swift; path = BasicCell.swift; sourceTree = "<group>"; };
		3E9C068C2A192BC2004624B4 /* SecondInputView.swift */ = {isa = PBXFileReference; lastKnownFileType = sourcecode.swift; path = SecondInputView.swift; sourceTree = "<group>"; };
		3E9C068F2A1935B0004624B4 /* SecondInputDataViewController.swift */ = {isa = PBXFileReference; lastKnownFileType = sourcecode.swift; path = SecondInputDataViewController.swift; sourceTree = "<group>"; };
		3E9C06912A193942004624B4 /* TextfieldWithLabelView.swift */ = {isa = PBXFileReference; lastKnownFileType = sourcecode.swift; path = TextfieldWithLabelView.swift; sourceTree = "<group>"; };
		3E9C06952A1944F7004624B4 /* UITextField+Extension.swift */ = {isa = PBXFileReference; lastKnownFileType = sourcecode.swift; path = "UITextField+Extension.swift"; sourceTree = "<group>"; };
		3E9C069F2A195AED004624B4 /* Assets.xcassets */ = {isa = PBXFileReference; lastKnownFileType = folder.assetcatalog; path = Assets.xcassets; sourceTree = "<group>"; };
		3E9C06A12A195B1D004624B4 /* ImageLiteral.swift */ = {isa = PBXFileReference; lastKnownFileType = sourcecode.swift; path = ImageLiteral.swift; sourceTree = "<group>"; };
		3E9C06A32A195DD9004624B4 /* UIColor+Extension.swift */ = {isa = PBXFileReference; lastKnownFileType = sourcecode.swift; path = "UIColor+Extension.swift"; sourceTree = "<group>"; };
		3E9C06A52A195EB8004624B4 /* Pretendard-Thin.otf */ = {isa = PBXFileReference; lastKnownFileType = file; path = "Pretendard-Thin.otf"; sourceTree = "<group>"; };
		3E9C06A62A195EB8004624B4 /* Pretendard-Black.otf */ = {isa = PBXFileReference; lastKnownFileType = file; path = "Pretendard-Black.otf"; sourceTree = "<group>"; };
		3E9C06A72A195EB8004624B4 /* Pretendard-SemiBold.otf */ = {isa = PBXFileReference; lastKnownFileType = file; path = "Pretendard-SemiBold.otf"; sourceTree = "<group>"; };
		3E9C06A82A195EB8004624B4 /* Pretendard-Bold.otf */ = {isa = PBXFileReference; lastKnownFileType = file; path = "Pretendard-Bold.otf"; sourceTree = "<group>"; };
		3E9C06A92A195EB8004624B4 /* Pretendard-Light.otf */ = {isa = PBXFileReference; lastKnownFileType = file; path = "Pretendard-Light.otf"; sourceTree = "<group>"; };
		3E9C06AA2A195EB8004624B4 /* Pretendard-ExtraLight.otf */ = {isa = PBXFileReference; lastKnownFileType = file; path = "Pretendard-ExtraLight.otf"; sourceTree = "<group>"; };
		3E9C06AB2A195EB8004624B4 /* Pretendard-Medium.otf */ = {isa = PBXFileReference; lastKnownFileType = file; path = "Pretendard-Medium.otf"; sourceTree = "<group>"; };
		3E9C06AC2A195EB8004624B4 /* Pretendard-Regular.otf */ = {isa = PBXFileReference; lastKnownFileType = file; path = "Pretendard-Regular.otf"; sourceTree = "<group>"; };
		3E9C06AD2A195EB8004624B4 /* Pretendard-ExtraBold.otf */ = {isa = PBXFileReference; lastKnownFileType = file; path = "Pretendard-ExtraBold.otf"; sourceTree = "<group>"; };
		3E9C06B72A195ED8004624B4 /* UIFont+Extension.swift */ = {isa = PBXFileReference; lastKnownFileType = sourcecode.swift; path = "UIFont+Extension.swift"; sourceTree = "<group>"; };

		A4D7272A2A190F3D00A00E16 /* NavigationBarView.swift */ = {isa = PBXFileReference; lastKnownFileType = sourcecode.swift; path = NavigationBarView.swift; sourceTree = "<group>"; };
		A4D7272E2A1916CB00A00E16 /* NavigationBarViewController.swift */ = {isa = PBXFileReference; lastKnownFileType = sourcecode.swift; path = NavigationBarViewController.swift; sourceTree = "<group>"; };
		C30F6D362A19179D003A119E /* HomeViewController.swift */ = {isa = PBXFileReference; lastKnownFileType = sourcecode.swift; path = HomeViewController.swift; sourceTree = "<group>"; };
		C30F6D392A191A87003A119E /* HomeCollectionViewCell.swift */ = {isa = PBXFileReference; lastKnownFileType = sourcecode.swift; path = HomeCollectionViewCell.swift; sourceTree = "<group>"; };
		C30F6D3C2A193662003A119E /* MatchingViewController.swift */ = {isa = PBXFileReference; lastKnownFileType = sourcecode.swift; path = MatchingViewController.swift; sourceTree = "<group>"; };
		C30F6D402A193A47003A119E /* MatchingCollectionViewCell.swift */ = {isa = PBXFileReference; lastKnownFileType = sourcecode.swift; path = MatchingCollectionViewCell.swift; sourceTree = "<group>"; };
		C30F6D462A196A48003A119E /* Config.swift */ = {isa = PBXFileReference; lastKnownFileType = sourcecode.swift; path = Config.swift; sourceTree = "<group>"; };
		C30F6D482A196BF2003A119E /* Home.swift */ = {isa = PBXFileReference; lastKnownFileType = sourcecode.swift; path = Home.swift; sourceTree = "<group>"; };
		C30F6D4A2A196C47003A119E /* HomeService.swift */ = {isa = PBXFileReference; lastKnownFileType = sourcecode.swift; path = HomeService.swift; sourceTree = "<group>"; };
		C30F6D4C2A198380003A119E /* Matching.swift */ = {isa = PBXFileReference; lastKnownFileType = sourcecode.swift; path = Matching.swift; sourceTree = "<group>"; };
		C30F6D4E2A1983B2003A119E /* MatchingService.swift */ = {isa = PBXFileReference; lastKnownFileType = sourcecode.swift; path = MatchingService.swift; sourceTree = "<group>"; };
/* End PBXFileReference section */

/* Begin PBXFrameworksBuildPhase section */
		251DD56D2A1520C6005951B8 /* Frameworks */ = {
			isa = PBXFrameworksBuildPhase;
			buildActionMask = 2147483647;
			files = (
				251DD5AD2A15262F005951B8 /* Kingfisher in Frameworks */,
				251DD5A02A15231E005951B8 /* Alamofire in Frameworks */,
				251DD59A2A152309005951B8 /* SnapKit in Frameworks */,
				251DD59D2A152313005951B8 /* Then in Frameworks */,
			);
			runOnlyForDeploymentPostprocessing = 0;
		};
/* End PBXFrameworksBuildPhase section */

/* Begin PBXGroup section */
		251DD5672A1520C6005951B8 = {
			isa = PBXGroup;
			children = (
				251DD5722A1520C6005951B8 /* SOPKATHON-11-iOS */,
				251DD5712A1520C6005951B8 /* Products */,
			);
			sourceTree = "<group>";
		};
		251DD5712A1520C6005951B8 /* Products */ = {
			isa = PBXGroup;
			children = (
				251DD5702A1520C6005951B8 /* SOPKATHON-11-iOS.app */,
			);
			name = Products;
			sourceTree = "<group>";
		};
		251DD5722A1520C6005951B8 /* SOPKATHON-11-iOS */ = {
			isa = PBXGroup;
			children = (
				A45E93C02A1935290062E313 /* Data */,
				251DD58A2A15213D005951B8 /* Application */,
				251DD5892A15213A005951B8 /* Network */,
				251DD5872A152122005951B8 /* Global */,
				251DD58B2A15219F005951B8 /* Presentation */,
				251DD57E2A1520C7005951B8 /* LaunchScreen.storyboard */,
				251DD5812A1520C7005951B8 /* Info.plist */,
			);
			path = "SOPKATHON-11-iOS";
			sourceTree = "<group>";
		};
		251DD5872A152122005951B8 /* Global */ = {
			isa = PBXGroup;
			children = (
				251DD5952A15229B005951B8 /* Literal */,
				251DD5942A152288005951B8 /* Utils */,
				251DD5932A152276005951B8 /* Protocol */,
				251DD5912A15224B005951B8 /* Resource */,
				251DD5902A15223A005951B8 /* Extension */,
				251DD58F2A152232005951B8 /* Base */,
			);
			path = Global;
			sourceTree = "<group>";
		};
		251DD5892A15213A005951B8 /* Network */ = {
			isa = PBXGroup;
			children = (
				251DD5A72A1525AD005951B8 /* NetworkResult.swift */,
				251DD5962A1522A4005951B8 /* API */,
				251DD5972A1522C2005951B8 /* Config */,
			);
			path = Network;
			sourceTree = "<group>";
		};
		251DD58A2A15213D005951B8 /* Application */ = {
			isa = PBXGroup;
			children = (
				251DD5732A1520C6005951B8 /* AppDelegate.swift */,
				251DD5752A1520C6005951B8 /* SceneDelegate.swift */,
			);
			path = Application;
			sourceTree = "<group>";
		};
		251DD58B2A15219F005951B8 /* Presentation */ = {
			isa = PBXGroup;
			children = (
				251DD58E2A152211005951B8 /* Component */,
				251DD58D2A1521FA005951B8 /* View */,
				251DD58C2A1521F5005951B8 /* ViewController */,
			);
			path = Presentation;
			sourceTree = "<group>";
		};
		251DD58C2A1521F5005951B8 /* ViewController */ = {
			isa = PBXGroup;
			children = (
				A45E93C52A1940390062E313 /* ProfileDetail */,

				3E9C067F2A190B78004624B4 /* InputData */,

				A4D727302A19173500A00E16 /* NavigationBar */,
				25491B6B2A1920E700B16FA8 /* MatchingList */,
				25491B6A2A19177600B16FA8 /* TabBar */,
				C30F6D3E2A19367C003A119E /* Matching */,
				C30F6D382A1917A3003A119E /* Home */,
			);
			path = ViewController;
			sourceTree = "<group>";
		};
		251DD58D2A1521FA005951B8 /* View */ = {
			isa = PBXGroup;
			children = (

				A45E93BD2A192F970062E313 /* ProfileDetail */,
				A4D727292A190C0500A00E16 /* NavigationBar */,

				25491B732A192EFC00B16FA8 /* MatchingList */,
				3E9C06802A190B86004624B4 /* InputData */,
				A4D727292A190C0500A00E16 /* NavigationBar */,
				C30F6D3F2A1939DF003A119E /* Matching */,
				C30F6D3B2A191A8B003A119E /* Home */,

			);
			path = View;
			sourceTree = "<group>";
		};
		251DD58E2A152211005951B8 /* Component */ = {
			isa = PBXGroup;
			children = (
				25491B602A18FB0800B16FA8 /* g.swift */,
			);
			path = Component;
			sourceTree = "<group>";
		};
		251DD58F2A152232005951B8 /* Base */ = {
			isa = PBXGroup;
			children = (
				251DD5AE2A152714005951B8 /* BaseViewController.swift */,
				251DD5B02A152725005951B8 /* BaseView.swift */,
			);
			path = Base;
			sourceTree = "<group>";
		};
		251DD5902A15223A005951B8 /* Extension */ = {
			isa = PBXGroup;
			children = (
				251DD5A12A152393005951B8 /* UIViewController+Extension.swift */,
				251DD5A52A15249C005951B8 /* UILabel+Extension.swift */,
				251DD5A32A1523C3005951B8 /* UIView+Extension .swift */,
				251DD5A92A1525EC005951B8 /* UIImageView+Extention.swift */,
				3E9C06952A1944F7004624B4 /* UITextField+Extension.swift */,
				3E9C06A32A195DD9004624B4 /* UIColor+Extension.swift */,
				3E9C06B72A195ED8004624B4 /* UIFont+Extension.swift */,
			);
			path = Extension;
			sourceTree = "<group>";
		};
		251DD5912A15224B005951B8 /* Resource */ = {
			isa = PBXGroup;
			children = (
				251DD5922A152261005951B8 /* Font */,
				3E9C069F2A195AED004624B4 /* Assets.xcassets */,
			);
			path = Resource;
			sourceTree = "<group>";
		};
		251DD5922A152261005951B8 /* Font */ = {
			isa = PBXGroup;
			children = (
				3E9C06A62A195EB8004624B4 /* Pretendard-Black.otf */,
				3E9C06A82A195EB8004624B4 /* Pretendard-Bold.otf */,
				3E9C06AD2A195EB8004624B4 /* Pretendard-ExtraBold.otf */,
				3E9C06AA2A195EB8004624B4 /* Pretendard-ExtraLight.otf */,
				3E9C06A92A195EB8004624B4 /* Pretendard-Light.otf */,
				3E9C06AB2A195EB8004624B4 /* Pretendard-Medium.otf */,
				3E9C06AC2A195EB8004624B4 /* Pretendard-Regular.otf */,
				3E9C06A72A195EB8004624B4 /* Pretendard-SemiBold.otf */,
				3E9C06A52A195EB8004624B4 /* Pretendard-Thin.otf */,
				25491B5E2A18FAFE00B16FA8 /* f.swift */,
			);
			path = Font;
			sourceTree = "<group>";
		};
		251DD5932A152276005951B8 /* Protocol */ = {
			isa = PBXGroup;
			children = (
				25491B5C2A18FAF500B16FA8 /* e.swift */,
			);
			path = Protocol;
			sourceTree = "<group>";
		};
		251DD5942A152288005951B8 /* Utils */ = {
			isa = PBXGroup;
			children = (
				25491B5A2A18FAF100B16FA8 /* d.swift */,
			);
			path = Utils;
			sourceTree = "<group>";
		};
		251DD5952A15229B005951B8 /* Literal */ = {
			isa = PBXGroup;
			children = (
				25491B582A18FAEC00B16FA8 /* c.swift */,
				3E9C06A12A195B1D004624B4 /* ImageLiteral.swift */,
			);
			path = Literal;
			sourceTree = "<group>";
		};
		251DD5962A1522A4005951B8 /* API */ = {
			isa = PBXGroup;
			children = (
				C30F6D482A196BF2003A119E /* Home.swift */,
				C30F6D4C2A198380003A119E /* Matching.swift */,
				C30F6D4A2A196C47003A119E /* HomeService.swift */,
				C30F6D4E2A1983B2003A119E /* MatchingService.swift */,
			);
			path = API;
			sourceTree = "<group>";
		};
		251DD5972A1522C2005951B8 /* Config */ = {
			isa = PBXGroup;
			children = (
				C30F6D462A196A48003A119E /* Config.swift */,
			);
			path = Config;
			sourceTree = "<group>";
		};
		25491B6A2A19177600B16FA8 /* TabBar */ = {
			isa = PBXGroup;
			children = (
				25491B642A19171B00B16FA8 /* TabBarViewController.swift */,
			);
			path = TabBar;
			sourceTree = "<group>";
		};
		25491B6B2A1920E700B16FA8 /* MatchingList */ = {
			isa = PBXGroup;
			children = (
				25491B772A192F1800B16FA8 /* MatchingListViewController.swift */,
			);
			path = MatchingList;
			sourceTree = "<group>";
		};

		A45E93BD2A192F970062E313 /* ProfileDetail */ = {
			isa = PBXGroup;
			children = (
				A45E93BE2A192FAE0062E313 /* ProfileDetailView.swift */,
				A45E93C32A1939B40062E313 /* ProfileDetailTableViewCell.swift */,
			);
			path = ProfileDetail;
			sourceTree = "<group>";
		};
		A45E93C02A1935290062E313 /* Data */ = {
			isa = PBXGroup;
			children = (
				A45E93C12A1935380062E313 /* ProfileDetail.swift */,
			);
			path = Data;
			sourceTree = "<group>";
		};
		A45E93C52A1940390062E313 /* ProfileDetail */ = {
			isa = PBXGroup;
			children = (
				A45E93C62A1940510062E313 /* ProfileDetailViewController.swift */,
			);
			path = ProfileDetail;

		25491B732A192EFC00B16FA8 /* MatchingList */ = {
			isa = PBXGroup;
			children = (
				25491B742A192F0600B16FA8 /* MatchingListView.swift */,
				25491B792A1930F500B16FA8 /* MatchingListTableViewCell.swift */,
				25491B7B2A19376700B16FA8 /* MatchingListViewData.swift */,
			);
			path = MatchingList;
			sourceTree = "<group>";
		};
		3E9C067F2A190B78004624B4 /* InputData */ = {
			isa = PBXGroup;
			children = (
				3E9C067D2A190B38004624B4 /* FirstInputDataViewController.swift */,
				3E9C068F2A1935B0004624B4 /* SecondInputDataViewController.swift */,
			);
			path = InputData;
			sourceTree = "<group>";
		};
		3E9C06802A190B86004624B4 /* InputData */ = {
			isa = PBXGroup;
			children = (
				3E9C068E2A192BC9004624B4 /* Component */,
				3E9C06892A191FD0004624B4 /* Cell */,
				3E9C06812A190B8D004624B4 /* FirstInputView.swift */,
				3E9C068C2A192BC2004624B4 /* SecondInputView.swift */,
			);
			path = InputData;
			sourceTree = "<group>";
		};
		3E9C06892A191FD0004624B4 /* Cell */ = {
			isa = PBXGroup;
			children = (
				3E9C06872A191378004624B4 /* BasicCell.swift */,
			);
			path = Cell;
			sourceTree = "<group>";
		};
		3E9C068E2A192BC9004624B4 /* Component */ = {
			isa = PBXGroup;
			children = (
				3E9C06912A193942004624B4 /* TextfieldWithLabelView.swift */,
				3E9C06832A190BD3004624B4 /* ButtonSetView.swift */,
			);
			path = Component;

			sourceTree = "<group>";
		};
		A4D727292A190C0500A00E16 /* NavigationBar */ = {
			isa = PBXGroup;
			children = (
				A4D7272A2A190F3D00A00E16 /* NavigationBarView.swift */,
			);
			path = NavigationBar;
			sourceTree = "<group>";
		};
		A4D727302A19173500A00E16 /* NavigationBar */ = {
			isa = PBXGroup;
			children = (
				A4D7272E2A1916CB00A00E16 /* NavigationBarViewController.swift */,
			);
			path = NavigationBar;
			sourceTree = "<group>";
		};
		C30F6D382A1917A3003A119E /* Home */ = {
			isa = PBXGroup;
			children = (
				C30F6D362A19179D003A119E /* HomeViewController.swift */,
			);
			path = Home;
			sourceTree = "<group>";
		};
		C30F6D3B2A191A8B003A119E /* Home */ = {
			isa = PBXGroup;
			children = (
				C30F6D392A191A87003A119E /* HomeCollectionViewCell.swift */,
			);
			path = Home;
			sourceTree = "<group>";
		};
		C30F6D3E2A19367C003A119E /* Matching */ = {
			isa = PBXGroup;
			children = (
				C30F6D3C2A193662003A119E /* MatchingViewController.swift */,
			);
			path = Matching;
			sourceTree = "<group>";
		};
		C30F6D3F2A1939DF003A119E /* Matching */ = {
			isa = PBXGroup;
			children = (
				C30F6D402A193A47003A119E /* MatchingCollectionViewCell.swift */,
			);
			path = Matching;
			sourceTree = "<group>";
		};
/* End PBXGroup section */

/* Begin PBXNativeTarget section */
		251DD56F2A1520C6005951B8 /* SOPKATHON-11-iOS */ = {
			isa = PBXNativeTarget;
			buildConfigurationList = 251DD5842A1520C7005951B8 /* Build configuration list for PBXNativeTarget "SOPKATHON-11-iOS" */;
			buildPhases = (
				251DD56C2A1520C6005951B8 /* Sources */,
				251DD56D2A1520C6005951B8 /* Frameworks */,
				251DD56E2A1520C6005951B8 /* Resources */,
			);
			buildRules = (
			);
			dependencies = (
			);
			name = "SOPKATHON-11-iOS";
			packageProductDependencies = (
				251DD5992A152309005951B8 /* SnapKit */,
				251DD59C2A152313005951B8 /* Then */,
				251DD59F2A15231E005951B8 /* Alamofire */,
				251DD5AC2A15262F005951B8 /* Kingfisher */,
			);
			productName = "SOPKATHON-11-iOS";
			productReference = 251DD5702A1520C6005951B8 /* SOPKATHON-11-iOS.app */;
			productType = "com.apple.product-type.application";
		};
/* End PBXNativeTarget section */

/* Begin PBXProject section */
		251DD5682A1520C6005951B8 /* Project object */ = {
			isa = PBXProject;
			attributes = {
				BuildIndependentTargetsInParallel = 1;
				LastSwiftUpdateCheck = 1430;
				LastUpgradeCheck = 1430;
				TargetAttributes = {
					251DD56F2A1520C6005951B8 = {
						CreatedOnToolsVersion = 14.3;
					};
				};
			};
			buildConfigurationList = 251DD56B2A1520C6005951B8 /* Build configuration list for PBXProject "SOPKATHON-11-iOS" */;
			compatibilityVersion = "Xcode 14.0";
			developmentRegion = en;
			hasScannedForEncodings = 0;
			knownRegions = (
				en,
				Base,
			);
			mainGroup = 251DD5672A1520C6005951B8;
			packageReferences = (
				251DD5982A152309005951B8 /* XCRemoteSwiftPackageReference "SnapKit" */,
				251DD59B2A152313005951B8 /* XCRemoteSwiftPackageReference "Then" */,
				251DD59E2A15231E005951B8 /* XCRemoteSwiftPackageReference "Alamofire" */,
				251DD5AB2A15262F005951B8 /* XCRemoteSwiftPackageReference "Kingfisher" */,
			);
			productRefGroup = 251DD5712A1520C6005951B8 /* Products */;
			projectDirPath = "";
			projectRoot = "";
			targets = (
				251DD56F2A1520C6005951B8 /* SOPKATHON-11-iOS */,
			);
		};
/* End PBXProject section */

/* Begin PBXResourcesBuildPhase section */
		251DD56E2A1520C6005951B8 /* Resources */ = {
			isa = PBXResourcesBuildPhase;
			buildActionMask = 2147483647;
			files = (
				3E9C06AE2A195EB8004624B4 /* Pretendard-Thin.otf in Resources */,
				3E9C06B12A195EB8004624B4 /* Pretendard-Bold.otf in Resources */,
				3E9C06B32A195EB8004624B4 /* Pretendard-ExtraLight.otf in Resources */,
				3E9C06A02A195AED004624B4 /* Assets.xcassets in Resources */,
				3E9C06B02A195EB8004624B4 /* Pretendard-SemiBold.otf in Resources */,
				3E9C06B22A195EB8004624B4 /* Pretendard-Light.otf in Resources */,
				3E9C06B62A195EB8004624B4 /* Pretendard-ExtraBold.otf in Resources */,
				3E9C06AF2A195EB8004624B4 /* Pretendard-Black.otf in Resources */,
				3E9C06B52A195EB8004624B4 /* Pretendard-Regular.otf in Resources */,
				251DD5802A1520C7005951B8 /* LaunchScreen.storyboard in Resources */,
				3E9C06B42A195EB8004624B4 /* Pretendard-Medium.otf in Resources */,
			);
			runOnlyForDeploymentPostprocessing = 0;
		};
/* End PBXResourcesBuildPhase section */

/* Begin PBXSourcesBuildPhase section */
		251DD56C2A1520C6005951B8 /* Sources */ = {
			isa = PBXSourcesBuildPhase;
			buildActionMask = 2147483647;
			files = (
				251DD5A22A152393005951B8 /* UIViewController+Extension.swift in Sources */,

				251DD5782A1520C6005951B8 /* ViewController.swift in Sources */,
				A45E93BF2A192FAE0062E313 /* ProfileDetailView.swift in Sources */,
				A45E93C42A1939B40062E313 /* ProfileDetailTableViewCell.swift in Sources */,
				A45E93C72A1940510062E313 /* ProfileDetailViewController.swift in Sources */,

				3E9C067E2A190B38004624B4 /* FirstInputDataViewController.swift in Sources */,
				C30F6D372A19179D003A119E /* HomeViewController.swift in Sources */,

				251DD5A62A15249C005951B8 /* UILabel+Extension.swift in Sources */,
				25491B7C2A19376700B16FA8 /* MatchingListViewData.swift in Sources */,
				A4D7272F2A1916CB00A00E16 /* NavigationBarViewController.swift in Sources */,
				251DD5AA2A1525EC005951B8 /* UIImageView+Extention.swift in Sources */,
				25491B612A18FB0800B16FA8 /* g.swift in Sources */,

				3E9C06902A1935B0004624B4 /* SecondInputDataViewController.swift in Sources */,
				C30F6D3D2A193662003A119E /* MatchingViewController.swift in Sources */,

				251DD5742A1520C6005951B8 /* AppDelegate.swift in Sources */,
				25491B752A192F0600B16FA8 /* MatchingListView.swift in Sources */,
				3E9C06A22A195B1D004624B4 /* ImageLiteral.swift in Sources */,
				C30F6D412A193A47003A119E /* MatchingCollectionViewCell.swift in Sources */,
				25491B5B2A18FAF100B16FA8 /* d.swift in Sources */,
				3E9C06962A1944F7004624B4 /* UITextField+Extension.swift in Sources */,
				251DD5AF2A152714005951B8 /* BaseViewController.swift in Sources */,
				25491B5F2A18FAFE00B16FA8 /* f.swift in Sources */,
				25491B592A18FAEC00B16FA8 /* c.swift in Sources */,
				C30F6D492A196BF2003A119E /* Home.swift in Sources */,
				C30F6D4D2A198380003A119E /* Matching.swift in Sources */,
				3E9C06B82A195ED8004624B4 /* UIFont+Extension.swift in Sources */,
				C30F6D4B2A196C47003A119E /* HomeService.swift in Sources */,
				3E9C06842A190BD3004624B4 /* ButtonSetView.swift in Sources */,
				A4D7272B2A190F3D00A00E16 /* NavigationBarView.swift in Sources */,
				25491B652A19171B00B16FA8 /* TabBarViewController.swift in Sources */,
				25491B782A192F1800B16FA8 /* MatchingListViewController.swift in Sources */,
				251DD5762A1520C6005951B8 /* SceneDelegate.swift in Sources */,
				C30F6D3A2A191A87003A119E /* HomeCollectionViewCell.swift in Sources */,
				3E9C06822A190B8D004624B4 /* FirstInputView.swift in Sources */,
				251DD5B12A152725005951B8 /* BaseView.swift in Sources */,
				3E9C068D2A192BC2004624B4 /* SecondInputView.swift in Sources */,
				25491B7A2A1930F500B16FA8 /* MatchingListTableViewCell.swift in Sources */,
				C30F6D472A196A48003A119E /* Config.swift in Sources */,
				C30F6D4F2A1983B2003A119E /* MatchingService.swift in Sources */,
				25491B5D2A18FAF500B16FA8 /* e.swift in Sources */,
				3E9C06A42A195DD9004624B4 /* UIColor+Extension.swift in Sources */,
				3E9C06882A191378004624B4 /* BasicCell.swift in Sources */,
				251DD5A42A1523C3005951B8 /* UIView+Extension .swift in Sources */,
				A45E93C22A1935380062E313 /* ProfileDetail.swift in Sources */,
				251DD5A82A1525AD005951B8 /* NetworkResult.swift in Sources */,
				3E9C06922A193942004624B4 /* TextfieldWithLabelView.swift in Sources */,
			);
			runOnlyForDeploymentPostprocessing = 0;
		};
/* End PBXSourcesBuildPhase section */

/* Begin PBXVariantGroup section */
		251DD57E2A1520C7005951B8 /* LaunchScreen.storyboard */ = {
			isa = PBXVariantGroup;
			children = (
				251DD57F2A1520C7005951B8 /* Base */,
			);
			name = LaunchScreen.storyboard;
			sourceTree = "<group>";
		};
/* End PBXVariantGroup section */

/* Begin XCBuildConfiguration section */
		251DD5822A1520C7005951B8 /* Debug */ = {
			isa = XCBuildConfiguration;
			buildSettings = {
				ALWAYS_SEARCH_USER_PATHS = NO;
				CLANG_ANALYZER_NONNULL = YES;
				CLANG_ANALYZER_NUMBER_OBJECT_CONVERSION = YES_AGGRESSIVE;
				CLANG_CXX_LANGUAGE_STANDARD = "gnu++20";
				CLANG_ENABLE_MODULES = YES;
				CLANG_ENABLE_OBJC_ARC = YES;
				CLANG_ENABLE_OBJC_WEAK = YES;
				CLANG_WARN_BLOCK_CAPTURE_AUTORELEASING = YES;
				CLANG_WARN_BOOL_CONVERSION = YES;
				CLANG_WARN_COMMA = YES;
				CLANG_WARN_CONSTANT_CONVERSION = YES;
				CLANG_WARN_DEPRECATED_OBJC_IMPLEMENTATIONS = YES;
				CLANG_WARN_DIRECT_OBJC_ISA_USAGE = YES_ERROR;
				CLANG_WARN_DOCUMENTATION_COMMENTS = YES;
				CLANG_WARN_EMPTY_BODY = YES;
				CLANG_WARN_ENUM_CONVERSION = YES;
				CLANG_WARN_INFINITE_RECURSION = YES;
				CLANG_WARN_INT_CONVERSION = YES;
				CLANG_WARN_NON_LITERAL_NULL_CONVERSION = YES;
				CLANG_WARN_OBJC_IMPLICIT_RETAIN_SELF = YES;
				CLANG_WARN_OBJC_LITERAL_CONVERSION = YES;
				CLANG_WARN_OBJC_ROOT_CLASS = YES_ERROR;
				CLANG_WARN_QUOTED_INCLUDE_IN_FRAMEWORK_HEADER = YES;
				CLANG_WARN_RANGE_LOOP_ANALYSIS = YES;
				CLANG_WARN_STRICT_PROTOTYPES = YES;
				CLANG_WARN_SUSPICIOUS_MOVE = YES;
				CLANG_WARN_UNGUARDED_AVAILABILITY = YES_AGGRESSIVE;
				CLANG_WARN_UNREACHABLE_CODE = YES;
				CLANG_WARN__DUPLICATE_METHOD_MATCH = YES;
				COPY_PHASE_STRIP = NO;
				DEBUG_INFORMATION_FORMAT = dwarf;
				ENABLE_STRICT_OBJC_MSGSEND = YES;
				ENABLE_TESTABILITY = YES;
				GCC_C_LANGUAGE_STANDARD = gnu11;
				GCC_DYNAMIC_NO_PIC = NO;
				GCC_NO_COMMON_BLOCKS = YES;
				GCC_OPTIMIZATION_LEVEL = 0;
				GCC_PREPROCESSOR_DEFINITIONS = (
					"DEBUG=1",
					"$(inherited)",
				);
				GCC_WARN_64_TO_32_BIT_CONVERSION = YES;
				GCC_WARN_ABOUT_RETURN_TYPE = YES_ERROR;
				GCC_WARN_UNDECLARED_SELECTOR = YES;
				GCC_WARN_UNINITIALIZED_AUTOS = YES_AGGRESSIVE;
				GCC_WARN_UNUSED_FUNCTION = YES;
				GCC_WARN_UNUSED_VARIABLE = YES;
				IPHONEOS_DEPLOYMENT_TARGET = 16.4;
				MTL_ENABLE_DEBUG_INFO = INCLUDE_SOURCE;
				MTL_FAST_MATH = YES;
				ONLY_ACTIVE_ARCH = YES;
				SDKROOT = iphoneos;
				SWIFT_ACTIVE_COMPILATION_CONDITIONS = DEBUG;
				SWIFT_OPTIMIZATION_LEVEL = "-Onone";
			};
			name = Debug;
		};
		251DD5832A1520C7005951B8 /* Release */ = {
			isa = XCBuildConfiguration;
			buildSettings = {
				ALWAYS_SEARCH_USER_PATHS = NO;
				CLANG_ANALYZER_NONNULL = YES;
				CLANG_ANALYZER_NUMBER_OBJECT_CONVERSION = YES_AGGRESSIVE;
				CLANG_CXX_LANGUAGE_STANDARD = "gnu++20";
				CLANG_ENABLE_MODULES = YES;
				CLANG_ENABLE_OBJC_ARC = YES;
				CLANG_ENABLE_OBJC_WEAK = YES;
				CLANG_WARN_BLOCK_CAPTURE_AUTORELEASING = YES;
				CLANG_WARN_BOOL_CONVERSION = YES;
				CLANG_WARN_COMMA = YES;
				CLANG_WARN_CONSTANT_CONVERSION = YES;
				CLANG_WARN_DEPRECATED_OBJC_IMPLEMENTATIONS = YES;
				CLANG_WARN_DIRECT_OBJC_ISA_USAGE = YES_ERROR;
				CLANG_WARN_DOCUMENTATION_COMMENTS = YES;
				CLANG_WARN_EMPTY_BODY = YES;
				CLANG_WARN_ENUM_CONVERSION = YES;
				CLANG_WARN_INFINITE_RECURSION = YES;
				CLANG_WARN_INT_CONVERSION = YES;
				CLANG_WARN_NON_LITERAL_NULL_CONVERSION = YES;
				CLANG_WARN_OBJC_IMPLICIT_RETAIN_SELF = YES;
				CLANG_WARN_OBJC_LITERAL_CONVERSION = YES;
				CLANG_WARN_OBJC_ROOT_CLASS = YES_ERROR;
				CLANG_WARN_QUOTED_INCLUDE_IN_FRAMEWORK_HEADER = YES;
				CLANG_WARN_RANGE_LOOP_ANALYSIS = YES;
				CLANG_WARN_STRICT_PROTOTYPES = YES;
				CLANG_WARN_SUSPICIOUS_MOVE = YES;
				CLANG_WARN_UNGUARDED_AVAILABILITY = YES_AGGRESSIVE;
				CLANG_WARN_UNREACHABLE_CODE = YES;
				CLANG_WARN__DUPLICATE_METHOD_MATCH = YES;
				COPY_PHASE_STRIP = NO;
				DEBUG_INFORMATION_FORMAT = "dwarf-with-dsym";
				ENABLE_NS_ASSERTIONS = NO;
				ENABLE_STRICT_OBJC_MSGSEND = YES;
				GCC_C_LANGUAGE_STANDARD = gnu11;
				GCC_NO_COMMON_BLOCKS = YES;
				GCC_WARN_64_TO_32_BIT_CONVERSION = YES;
				GCC_WARN_ABOUT_RETURN_TYPE = YES_ERROR;
				GCC_WARN_UNDECLARED_SELECTOR = YES;
				GCC_WARN_UNINITIALIZED_AUTOS = YES_AGGRESSIVE;
				GCC_WARN_UNUSED_FUNCTION = YES;
				GCC_WARN_UNUSED_VARIABLE = YES;
				IPHONEOS_DEPLOYMENT_TARGET = 16.4;
				MTL_ENABLE_DEBUG_INFO = NO;
				MTL_FAST_MATH = YES;
				SDKROOT = iphoneos;
				SWIFT_COMPILATION_MODE = wholemodule;
				SWIFT_OPTIMIZATION_LEVEL = "-O";
				VALIDATE_PRODUCT = YES;
			};
			name = Release;
		};
		251DD5852A1520C7005951B8 /* Debug */ = {
			isa = XCBuildConfiguration;
			buildSettings = {
				ASSETCATALOG_COMPILER_APPICON_NAME = AppIcon;
				ASSETCATALOG_COMPILER_GLOBAL_ACCENT_COLOR_NAME = AccentColor;
				BASE_URL = "http://13.209.67.50:8080";
				CODE_SIGN_STYLE = Automatic;
				CURRENT_PROJECT_VERSION = 1;
				DEVELOPMENT_TEAM = X96X8FG389;
				GENERATE_INFOPLIST_FILE = YES;
				INFOPLIST_FILE = "SOPKATHON-11-iOS/Info.plist";
				INFOPLIST_KEY_NSCameraUsageDescription = "";
				INFOPLIST_KEY_UIApplicationSupportsIndirectInputEvents = YES;
				INFOPLIST_KEY_UILaunchStoryboardName = LaunchScreen;
				INFOPLIST_KEY_UISupportedInterfaceOrientations_iPad = "UIInterfaceOrientationPortrait UIInterfaceOrientationPortraitUpsideDown UIInterfaceOrientationLandscapeLeft UIInterfaceOrientationLandscapeRight";
				INFOPLIST_KEY_UISupportedInterfaceOrientations_iPhone = "UIInterfaceOrientationPortrait UIInterfaceOrientationLandscapeLeft UIInterfaceOrientationLandscapeRight";
				LD_RUNPATH_SEARCH_PATHS = (
					"$(inherited)",
					"@executable_path/Frameworks",
				);
				MARKETING_VERSION = 1.0;
				PRODUCT_BUNDLE_IDENTIFIER = "Sopt-Cheon.SOPKATHON-11-iOS";
				PRODUCT_NAME = "$(TARGET_NAME)";
				SWIFT_EMIT_LOC_STRINGS = YES;
				SWIFT_VERSION = 5.0;
				TARGETED_DEVICE_FAMILY = "1,2";
			};
			name = Debug;
		};
		251DD5862A1520C7005951B8 /* Release */ = {
			isa = XCBuildConfiguration;
			buildSettings = {
				ASSETCATALOG_COMPILER_APPICON_NAME = AppIcon;
				ASSETCATALOG_COMPILER_GLOBAL_ACCENT_COLOR_NAME = AccentColor;
				BASE_URL = "http://13.209.67.50:8080";
				CODE_SIGN_STYLE = Automatic;
				CURRENT_PROJECT_VERSION = 1;
				DEVELOPMENT_TEAM = X96X8FG389;
				GENERATE_INFOPLIST_FILE = YES;
				INFOPLIST_FILE = "SOPKATHON-11-iOS/Info.plist";
				INFOPLIST_KEY_NSCameraUsageDescription = "";
				INFOPLIST_KEY_UIApplicationSupportsIndirectInputEvents = YES;
				INFOPLIST_KEY_UILaunchStoryboardName = LaunchScreen;
				INFOPLIST_KEY_UISupportedInterfaceOrientations_iPad = "UIInterfaceOrientationPortrait UIInterfaceOrientationPortraitUpsideDown UIInterfaceOrientationLandscapeLeft UIInterfaceOrientationLandscapeRight";
				INFOPLIST_KEY_UISupportedInterfaceOrientations_iPhone = "UIInterfaceOrientationPortrait UIInterfaceOrientationLandscapeLeft UIInterfaceOrientationLandscapeRight";
				LD_RUNPATH_SEARCH_PATHS = (
					"$(inherited)",
					"@executable_path/Frameworks",
				);
				MARKETING_VERSION = 1.0;
				PRODUCT_BUNDLE_IDENTIFIER = "Sopt-Cheon.SOPKATHON-11-iOS";
				PRODUCT_NAME = "$(TARGET_NAME)";
				SWIFT_EMIT_LOC_STRINGS = YES;
				SWIFT_VERSION = 5.0;
				TARGETED_DEVICE_FAMILY = "1,2";
			};
			name = Release;
		};
/* End XCBuildConfiguration section */

/* Begin XCConfigurationList section */
		251DD56B2A1520C6005951B8 /* Build configuration list for PBXProject "SOPKATHON-11-iOS" */ = {
			isa = XCConfigurationList;
			buildConfigurations = (
				251DD5822A1520C7005951B8 /* Debug */,
				251DD5832A1520C7005951B8 /* Release */,
			);
			defaultConfigurationIsVisible = 0;
			defaultConfigurationName = Release;
		};
		251DD5842A1520C7005951B8 /* Build configuration list for PBXNativeTarget "SOPKATHON-11-iOS" */ = {
			isa = XCConfigurationList;
			buildConfigurations = (
				251DD5852A1520C7005951B8 /* Debug */,
				251DD5862A1520C7005951B8 /* Release */,
			);
			defaultConfigurationIsVisible = 0;
			defaultConfigurationName = Release;
		};
/* End XCConfigurationList section */

/* Begin XCRemoteSwiftPackageReference section */
		251DD5982A152309005951B8 /* XCRemoteSwiftPackageReference "SnapKit" */ = {
			isa = XCRemoteSwiftPackageReference;
			repositoryURL = "https://github.com/SnapKit/SnapKit.git";
			requirement = {
				kind = upToNextMajorVersion;
				minimumVersion = 5.0.0;
			};
		};
		251DD59B2A152313005951B8 /* XCRemoteSwiftPackageReference "Then" */ = {
			isa = XCRemoteSwiftPackageReference;
			repositoryURL = "https://github.com/devxoul/Then.git";
			requirement = {
				kind = upToNextMajorVersion;
				minimumVersion = 3.0.0;
			};
		};
		251DD59E2A15231E005951B8 /* XCRemoteSwiftPackageReference "Alamofire" */ = {
			isa = XCRemoteSwiftPackageReference;
			repositoryURL = "https://github.com/Alamofire/Alamofire.git";
			requirement = {
				kind = upToNextMajorVersion;
				minimumVersion = 5.0.0;
			};
		};
		251DD5AB2A15262F005951B8 /* XCRemoteSwiftPackageReference "Kingfisher" */ = {
			isa = XCRemoteSwiftPackageReference;
			repositoryURL = "https://github.com/onevcat/Kingfisher.git";
			requirement = {
				kind = upToNextMajorVersion;
				minimumVersion = 7.0.0;
			};
		};
/* End XCRemoteSwiftPackageReference section */

/* Begin XCSwiftPackageProductDependency section */
		251DD5992A152309005951B8 /* SnapKit */ = {
			isa = XCSwiftPackageProductDependency;
			package = 251DD5982A152309005951B8 /* XCRemoteSwiftPackageReference "SnapKit" */;
			productName = SnapKit;
		};
		251DD59C2A152313005951B8 /* Then */ = {
			isa = XCSwiftPackageProductDependency;
			package = 251DD59B2A152313005951B8 /* XCRemoteSwiftPackageReference "Then" */;
			productName = Then;
		};
		251DD59F2A15231E005951B8 /* Alamofire */ = {
			isa = XCSwiftPackageProductDependency;
			package = 251DD59E2A15231E005951B8 /* XCRemoteSwiftPackageReference "Alamofire" */;
			productName = Alamofire;
		};
		251DD5AC2A15262F005951B8 /* Kingfisher */ = {
			isa = XCSwiftPackageProductDependency;
			package = 251DD5AB2A15262F005951B8 /* XCRemoteSwiftPackageReference "Kingfisher" */;
			productName = Kingfisher;
		};
/* End XCSwiftPackageProductDependency section */
	};
	rootObject = 251DD5682A1520C6005951B8 /* Project object */;
}
