// !$*UTF8*$!
{
	archiveVersion = 1;
	classes = {
	};
	objectVersion = 56;
	objects = {

/* Begin PBXBuildFile section */
		251DD5742A1520C6005951B8 /* AppDelegate.swift in Sources */ = {isa = PBXBuildFile; fileRef = 251DD5732A1520C6005951B8 /* AppDelegate.swift */; };
		251DD5762A1520C6005951B8 /* SceneDelegate.swift in Sources */ = {isa = PBXBuildFile; fileRef = 251DD5752A1520C6005951B8 /* SceneDelegate.swift */; };
		251DD5782A1520C6005951B8 /* ViewController.swift in Sources */ = {isa = PBXBuildFile; fileRef = 251DD5772A1520C6005951B8 /* ViewController.swift */; };
		251DD5802A1520C7005951B8 /* LaunchScreen.storyboard in Resources */ = {isa = PBXBuildFile; fileRef = 251DD57E2A1520C7005951B8 /* LaunchScreen.storyboard */; };
		251DD59A2A152309005951B8 /* SnapKit in Frameworks */ = {isa = PBXBuildFile; productRef = 251DD5992A152309005951B8 /* SnapKit */; };
		251DD59D2A152313005951B8 /* Then in Frameworks */ = {isa = PBXBuildFile; productRef = 251DD59C2A152313005951B8 /* Then */; };
		251DD5A02A15231E005951B8 /* Alamofire in Frameworks */ = {isa = PBXBuildFile; productRef = 251DD59F2A15231E005951B8 /* Alamofire */; };
		251DD5A22A152393005951B8 /* UIViewController+Extension.swift in Sources */ = {isa = PBXBuildFile; fileRef = 251DD5A12A152393005951B8 /* UIViewController+Extension.swift */; };
		251DD5A42A1523C3005951B8 /* UIView+Extension .swift in Sources */ = {isa = PBXBuildFile; fileRef = 251DD5A32A1523C3005951B8 /* UIView+Extension .swift */; };
		251DD5A62A15249C005951B8 /* UILabel+Extension.swift in Sources */ = {isa = PBXBuildFile; fileRef = 251DD5A52A15249C005951B8 /* UILabel+Extension.swift */; };
		251DD5A82A1525AD005951B8 /* NetworkResult.swift in Sources */ = {isa = PBXBuildFile; fileRef = 251DD5A72A1525AD005951B8 /* NetworkResult.swift */; };
		251DD5AA2A1525EC005951B8 /* UIImageView+Extention.swift in Sources */ = {isa = PBXBuildFile; fileRef = 251DD5A92A1525EC005951B8 /* UIImageView+Extention.swift */; };
		251DD5AD2A15262F005951B8 /* Kingfisher in Frameworks */ = {isa = PBXBuildFile; productRef = 251DD5AC2A15262F005951B8 /* Kingfisher */; };
		251DD5AF2A152714005951B8 /* BaseViewController.swift in Sources */ = {isa = PBXBuildFile; fileRef = 251DD5AE2A152714005951B8 /* BaseViewController.swift */; };
		251DD5B12A152725005951B8 /* BaseView.swift in Sources */ = {isa = PBXBuildFile; fileRef = 251DD5B02A152725005951B8 /* BaseView.swift */; };
		25491B552A18FAE200B16FA8 /* a.swift in Sources */ = {isa = PBXBuildFile; fileRef = 25491B542A18FAE200B16FA8 /* a.swift */; };
		25491B572A18FAE600B16FA8 /* b.swift in Sources */ = {isa = PBXBuildFile; fileRef = 25491B562A18FAE600B16FA8 /* b.swift */; };
		25491B592A18FAEC00B16FA8 /* c.swift in Sources */ = {isa = PBXBuildFile; fileRef = 25491B582A18FAEC00B16FA8 /* c.swift */; };
		25491B5B2A18FAF100B16FA8 /* d.swift in Sources */ = {isa = PBXBuildFile; fileRef = 25491B5A2A18FAF100B16FA8 /* d.swift */; };
		25491B5D2A18FAF500B16FA8 /* e.swift in Sources */ = {isa = PBXBuildFile; fileRef = 25491B5C2A18FAF500B16FA8 /* e.swift */; };
		25491B5F2A18FAFE00B16FA8 /* f.swift in Sources */ = {isa = PBXBuildFile; fileRef = 25491B5E2A18FAFE00B16FA8 /* f.swift */; };
		25491B612A18FB0800B16FA8 /* g.swift in Sources */ = {isa = PBXBuildFile; fileRef = 25491B602A18FB0800B16FA8 /* g.swift */; };
		25491B632A18FB0C00B16FA8 /* h.swift in Sources */ = {isa = PBXBuildFile; fileRef = 25491B622A18FB0C00B16FA8 /* h.swift */; };

		A4D7272B2A190F3D00A00E16 /* NavigationBarView.swift in Sources */ = {isa = PBXBuildFile; fileRef = A4D7272A2A190F3D00A00E16 /* NavigationBarView.swift */; };
		A4D7272F2A1916CB00A00E16 /* NavigationBarViewController.swift in Sources */ = {isa = PBXBuildFile; fileRef = A4D7272E2A1916CB00A00E16 /* NavigationBarViewController.swift */; };

		25491B652A19171B00B16FA8 /* TabBarViewController.swift in Sources */ = {isa = PBXBuildFile; fileRef = 25491B642A19171B00B16FA8 /* TabBarViewController.swift */; };

/* End PBXBuildFile section */

/* Begin PBXFileReference section */
		251DD5702A1520C6005951B8 /* SOPKATHON-11-iOS.app */ = {isa = PBXFileReference; explicitFileType = wrapper.application; includeInIndex = 0; path = "SOPKATHON-11-iOS.app"; sourceTree = BUILT_PRODUCTS_DIR; };
		251DD5732A1520C6005951B8 /* AppDelegate.swift */ = {isa = PBXFileReference; lastKnownFileType = sourcecode.swift; path = AppDelegate.swift; sourceTree = "<group>"; };
		251DD5752A1520C6005951B8 /* SceneDelegate.swift */ = {isa = PBXFileReference; lastKnownFileType = sourcecode.swift; path = SceneDelegate.swift; sourceTree = "<group>"; };
		251DD5772A1520C6005951B8 /* ViewController.swift */ = {isa = PBXFileReference; lastKnownFileType = sourcecode.swift; path = ViewController.swift; sourceTree = "<group>"; };
		251DD57F2A1520C7005951B8 /* Base */ = {isa = PBXFileReference; lastKnownFileType = file.storyboard; name = Base; path = Base.lproj/LaunchScreen.storyboard; sourceTree = "<group>"; };
		251DD5812A1520C7005951B8 /* Info.plist */ = {isa = PBXFileReference; lastKnownFileType = text.plist.xml; path = Info.plist; sourceTree = "<group>"; };
		251DD5A12A152393005951B8 /* UIViewController+Extension.swift */ = {isa = PBXFileReference; lastKnownFileType = sourcecode.swift; path = "UIViewController+Extension.swift"; sourceTree = "<group>"; };
		251DD5A32A1523C3005951B8 /* UIView+Extension .swift */ = {isa = PBXFileReference; lastKnownFileType = sourcecode.swift; path = "UIView+Extension .swift"; sourceTree = "<group>"; };
		251DD5A52A15249C005951B8 /* UILabel+Extension.swift */ = {isa = PBXFileReference; lastKnownFileType = sourcecode.swift; path = "UILabel+Extension.swift"; sourceTree = "<group>"; };
		251DD5A72A1525AD005951B8 /* NetworkResult.swift */ = {isa = PBXFileReference; lastKnownFileType = sourcecode.swift; path = NetworkResult.swift; sourceTree = "<group>"; };
		251DD5A92A1525EC005951B8 /* UIImageView+Extention.swift */ = {isa = PBXFileReference; lastKnownFileType = sourcecode.swift; path = "UIImageView+Extention.swift"; sourceTree = "<group>"; };
		251DD5AE2A152714005951B8 /* BaseViewController.swift */ = {isa = PBXFileReference; lastKnownFileType = sourcecode.swift; path = BaseViewController.swift; sourceTree = "<group>"; };
		251DD5B02A152725005951B8 /* BaseView.swift */ = {isa = PBXFileReference; lastKnownFileType = sourcecode.swift; path = BaseView.swift; sourceTree = "<group>"; };
		25491B542A18FAE200B16FA8 /* a.swift */ = {isa = PBXFileReference; lastKnownFileType = sourcecode.swift; path = a.swift; sourceTree = "<group>"; };
		25491B562A18FAE600B16FA8 /* b.swift */ = {isa = PBXFileReference; lastKnownFileType = sourcecode.swift; path = b.swift; sourceTree = "<group>"; };
		25491B582A18FAEC00B16FA8 /* c.swift */ = {isa = PBXFileReference; lastKnownFileType = sourcecode.swift; path = c.swift; sourceTree = "<group>"; };
		25491B5A2A18FAF100B16FA8 /* d.swift */ = {isa = PBXFileReference; lastKnownFileType = sourcecode.swift; path = d.swift; sourceTree = "<group>"; };
		25491B5C2A18FAF500B16FA8 /* e.swift */ = {isa = PBXFileReference; lastKnownFileType = sourcecode.swift; path = e.swift; sourceTree = "<group>"; };
		25491B5E2A18FAFE00B16FA8 /* f.swift */ = {isa = PBXFileReference; lastKnownFileType = sourcecode.swift; path = f.swift; sourceTree = "<group>"; };
		25491B602A18FB0800B16FA8 /* g.swift */ = {isa = PBXFileReference; lastKnownFileType = sourcecode.swift; path = g.swift; sourceTree = "<group>"; };
		25491B622A18FB0C00B16FA8 /* h.swift */ = {isa = PBXFileReference; lastKnownFileType = sourcecode.swift; path = h.swift; sourceTree = "<group>"; };

		A4D7272A2A190F3D00A00E16 /* NavigationBarView.swift */ = {isa = PBXFileReference; lastKnownFileType = sourcecode.swift; path = NavigationBarView.swift; sourceTree = "<group>"; };
		A4D7272E2A1916CB00A00E16 /* NavigationBarViewController.swift */ = {isa = PBXFileReference; lastKnownFileType = sourcecode.swift; path = NavigationBarViewController.swift; sourceTree = "<group>"; };

		25491B642A19171B00B16FA8 /* TabBarViewController.swift */ = {isa = PBXFileReference; lastKnownFileType = sourcecode.swift; path = TabBarViewController.swift; sourceTree = "<group>"; };

/* End PBXFileReference section */

/* Begin PBXFrameworksBuildPhase section */
		251DD56D2A1520C6005951B8 /* Frameworks */ = {
			isa = PBXFrameworksBuildPhase;
			buildActionMask = 2147483647;
			files = (
				251DD5AD2A15262F005951B8 /* Kingfisher in Frameworks */,
				251DD5A02A15231E005951B8 /* Alamofire in Frameworks */,
				251DD59A2A152309005951B8 /* SnapKit in Frameworks */,
				251DD59D2A152313005951B8 /* Then in Frameworks */,
			);
			runOnlyForDeploymentPostprocessing = 0;
		};
/* End PBXFrameworksBuildPhase section */

/* Begin PBXGroup section */
		251DD5672A1520C6005951B8 = {
			isa = PBXGroup;
			children = (
				251DD5722A1520C6005951B8 /* SOPKATHON-11-iOS */,
				251DD5712A1520C6005951B8 /* Products */,
			);
			sourceTree = "<group>";
		};
		251DD5712A1520C6005951B8 /* Products */ = {
			isa = PBXGroup;
			children = (
				251DD5702A1520C6005951B8 /* SOPKATHON-11-iOS.app */,
			);
			name = Products;
			sourceTree = "<group>";
		};
		251DD5722A1520C6005951B8 /* SOPKATHON-11-iOS */ = {
			isa = PBXGroup;
			children = (
				251DD58A2A15213D005951B8 /* Application */,
				251DD5892A15213A005951B8 /* Network */,
				251DD5872A152122005951B8 /* Global */,
				251DD58B2A15219F005951B8 /* Presentation */,
				251DD57E2A1520C7005951B8 /* LaunchScreen.storyboard */,
				251DD5812A1520C7005951B8 /* Info.plist */,
			);
			path = "SOPKATHON-11-iOS";
			sourceTree = "<group>";
		};
		251DD5872A152122005951B8 /* Global */ = {
			isa = PBXGroup;
			children = (
				251DD5952A15229B005951B8 /* Literal */,
				251DD5942A152288005951B8 /* Utils */,
				251DD5932A152276005951B8 /* Protocol */,
				251DD5912A15224B005951B8 /* Resource */,
				251DD5902A15223A005951B8 /* Extension */,
				251DD58F2A152232005951B8 /* Base */,
			);
			path = Global;
			sourceTree = "<group>";
		};
		251DD5892A15213A005951B8 /* Network */ = {
			isa = PBXGroup;
			children = (
				251DD5A72A1525AD005951B8 /* NetworkResult.swift */,
				251DD5962A1522A4005951B8 /* API */,
				251DD5972A1522C2005951B8 /* Config */,
			);
			path = Network;
			sourceTree = "<group>";
		};
		251DD58A2A15213D005951B8 /* Application */ = {
			isa = PBXGroup;
			children = (
				251DD5732A1520C6005951B8 /* AppDelegate.swift */,
				251DD5752A1520C6005951B8 /* SceneDelegate.swift */,
			);
			path = Application;
			sourceTree = "<group>";
		};
		251DD58B2A15219F005951B8 /* Presentation */ = {
			isa = PBXGroup;
			children = (
				251DD58E2A152211005951B8 /* Component */,
				251DD58D2A1521FA005951B8 /* View */,
				251DD58C2A1521F5005951B8 /* ViewController */,
			);
			path = Presentation;
			sourceTree = "<group>";
		};
		251DD58C2A1521F5005951B8 /* ViewController */ = {
			isa = PBXGroup;
			children = (

				A4D727302A19173500A00E16 /* NavigationBar */,

				25491B6B2A1920E700B16FA8 /* MatchingList */,
				25491B6A2A19177600B16FA8 /* TabBar */,

				251DD5772A1520C6005951B8 /* ViewController.swift */,
			);
			path = ViewController;
			sourceTree = "<group>";
		};
		251DD58D2A1521FA005951B8 /* View */ = {
			isa = PBXGroup;
			children = (
				A4D727292A190C0500A00E16 /* NavigationBar */,
				25491B622A18FB0C00B16FA8 /* h.swift */,
			);
			path = View;
			sourceTree = "<group>";
		};
		251DD58E2A152211005951B8 /* Component */ = {
			isa = PBXGroup;
			children = (
				25491B602A18FB0800B16FA8 /* g.swift */,
			);
			path = Component;
			sourceTree = "<group>";
		};
		251DD58F2A152232005951B8 /* Base */ = {
			isa = PBXGroup;
			children = (
				251DD5AE2A152714005951B8 /* BaseViewController.swift */,
				251DD5B02A152725005951B8 /* BaseView.swift */,
			);
			path = Base;
			sourceTree = "<group>";
		};
		251DD5902A15223A005951B8 /* Extension */ = {
			isa = PBXGroup;
			children = (
				251DD5A12A152393005951B8 /* UIViewController+Extension.swift */,
				251DD5A52A15249C005951B8 /* UILabel+Extension.swift */,
				251DD5A32A1523C3005951B8 /* UIView+Extension .swift */,
				251DD5A92A1525EC005951B8 /* UIImageView+Extention.swift */,
			);
			path = Extension;
			sourceTree = "<group>";
		};
		251DD5912A15224B005951B8 /* Resource */ = {
			isa = PBXGroup;
			children = (
				251DD5922A152261005951B8 /* Font */,
			);
			path = Resource;
			sourceTree = "<group>";
		};
		251DD5922A152261005951B8 /* Font */ = {
			isa = PBXGroup;
			children = (
				25491B5E2A18FAFE00B16FA8 /* f.swift */,
			);
			path = Font;
			sourceTree = "<group>";
		};
		251DD5932A152276005951B8 /* Protocol */ = {
			isa = PBXGroup;
			children = (
				25491B5C2A18FAF500B16FA8 /* e.swift */,
			);
			path = Protocol;
			sourceTree = "<group>";
		};
		251DD5942A152288005951B8 /* Utils */ = {
			isa = PBXGroup;
			children = (
				25491B5A2A18FAF100B16FA8 /* d.swift */,
			);
			path = Utils;
			sourceTree = "<group>";
		};
		251DD5952A15229B005951B8 /* Literal */ = {
			isa = PBXGroup;
			children = (
				25491B582A18FAEC00B16FA8 /* c.swift */,
			);
			path = Literal;
			sourceTree = "<group>";
		};
		251DD5962A1522A4005951B8 /* API */ = {
			isa = PBXGroup;
			children = (
				25491B542A18FAE200B16FA8 /* a.swift */,
			);
			path = API;
			sourceTree = "<group>";
		};
		251DD5972A1522C2005951B8 /* Config */ = {
			isa = PBXGroup;
			children = (
				25491B562A18FAE600B16FA8 /* b.swift */,
			);
			path = Config;
			sourceTree = "<group>";
		};

		A4D727292A190C0500A00E16 /* NavigationBar */ = {
			isa = PBXGroup;
			children = (
				A4D7272A2A190F3D00A00E16 /* NavigationBarView.swift */,
			);
			path = NavigationBar;
			sourceTree = "<group>";
		};
		A4D727302A19173500A00E16 /* NavigationBar */ = {
			isa = PBXGroup;
			children = (
				A4D7272E2A1916CB00A00E16 /* NavigationBarViewController.swift */,
			);
			path = NavigationBar;

		25491B6A2A19177600B16FA8 /* TabBar */ = {
			isa = PBXGroup;
			children = (
				25491B642A19171B00B16FA8 /* TabBarViewController.swift */,
			);
			path = TabBar;
			sourceTree = "<group>";
		};
		25491B6B2A1920E700B16FA8 /* MatchingList */ = {
			isa = PBXGroup;
			children = (
			);
			path = MatchingList;

			sourceTree = "<group>";
		};
/* End PBXGroup section */

/* Begin PBXNativeTarget section */
		251DD56F2A1520C6005951B8 /* SOPKATHON-11-iOS */ = {
			isa = PBXNativeTarget;
			buildConfigurationList = 251DD5842A1520C7005951B8 /* Build configuration list for PBXNativeTarget "SOPKATHON-11-iOS" */;
			buildPhases = (
				251DD56C2A1520C6005951B8 /* Sources */,
				251DD56D2A1520C6005951B8 /* Frameworks */,
				251DD56E2A1520C6005951B8 /* Resources */,
			);
			buildRules = (
			);
			dependencies = (
			);
			name = "SOPKATHON-11-iOS";
			packageProductDependencies = (
				251DD5992A152309005951B8 /* SnapKit */,
				251DD59C2A152313005951B8 /* Then */,
				251DD59F2A15231E005951B8 /* Alamofire */,
				251DD5AC2A15262F005951B8 /* Kingfisher */,
			);
			productName = "SOPKATHON-11-iOS";
			productReference = 251DD5702A1520C6005951B8 /* SOPKATHON-11-iOS.app */;
			productType = "com.apple.product-type.application";
		};
/* End PBXNativeTarget section */

/* Begin PBXProject section */
		251DD5682A1520C6005951B8 /* Project object */ = {
			isa = PBXProject;
			attributes = {
				BuildIndependentTargetsInParallel = 1;
				LastSwiftUpdateCheck = 1430;
				LastUpgradeCheck = 1430;
				TargetAttributes = {
					251DD56F2A1520C6005951B8 = {
						CreatedOnToolsVersion = 14.3;
					};
				};
			};
			buildConfigurationList = 251DD56B2A1520C6005951B8 /* Build configuration list for PBXProject "SOPKATHON-11-iOS" */;
			compatibilityVersion = "Xcode 14.0";
			developmentRegion = en;
			hasScannedForEncodings = 0;
			knownRegions = (
				en,
				Base,
			);
			mainGroup = 251DD5672A1520C6005951B8;
			packageReferences = (
				251DD5982A152309005951B8 /* XCRemoteSwiftPackageReference "SnapKit" */,
				251DD59B2A152313005951B8 /* XCRemoteSwiftPackageReference "Then" */,
				251DD59E2A15231E005951B8 /* XCRemoteSwiftPackageReference "Alamofire" */,
				251DD5AB2A15262F005951B8 /* XCRemoteSwiftPackageReference "Kingfisher" */,
			);
			productRefGroup = 251DD5712A1520C6005951B8 /* Products */;
			projectDirPath = "";
			projectRoot = "";
			targets = (
				251DD56F2A1520C6005951B8 /* SOPKATHON-11-iOS */,
			);
		};
/* End PBXProject section */

/* Begin PBXResourcesBuildPhase section */
		251DD56E2A1520C6005951B8 /* Resources */ = {
			isa = PBXResourcesBuildPhase;
			buildActionMask = 2147483647;
			files = (
				251DD5802A1520C7005951B8 /* LaunchScreen.storyboard in Resources */,
			);
			runOnlyForDeploymentPostprocessing = 0;
		};
/* End PBXResourcesBuildPhase section */

/* Begin PBXSourcesBuildPhase section */
		251DD56C2A1520C6005951B8 /* Sources */ = {
			isa = PBXSourcesBuildPhase;
			buildActionMask = 2147483647;
			files = (
				25491B572A18FAE600B16FA8 /* b.swift in Sources */,
				251DD5A22A152393005951B8 /* UIViewController+Extension.swift in Sources */,
				251DD5782A1520C6005951B8 /* ViewController.swift in Sources */,
				251DD5A62A15249C005951B8 /* UILabel+Extension.swift in Sources */,
				A4D7272F2A1916CB00A00E16 /* NavigationBarViewController.swift in Sources */,
				251DD5AA2A1525EC005951B8 /* UIImageView+Extention.swift in Sources */,
				25491B612A18FB0800B16FA8 /* g.swift in Sources */,
				25491B632A18FB0C00B16FA8 /* h.swift in Sources */,
				251DD5742A1520C6005951B8 /* AppDelegate.swift in Sources */,
				25491B5B2A18FAF100B16FA8 /* d.swift in Sources */,
				251DD5AF2A152714005951B8 /* BaseViewController.swift in Sources */,
				25491B5F2A18FAFE00B16FA8 /* f.swift in Sources */,
				25491B592A18FAEC00B16FA8 /* c.swift in Sources */,
				25491B552A18FAE200B16FA8 /* a.swift in Sources */,

				A4D7272B2A190F3D00A00E16 /* NavigationBarView.swift in Sources */,

				25491B652A19171B00B16FA8 /* TabBarViewController.swift in Sources */,

				251DD5762A1520C6005951B8 /* SceneDelegate.swift in Sources */,
				251DD5B12A152725005951B8 /* BaseView.swift in Sources */,
				25491B5D2A18FAF500B16FA8 /* e.swift in Sources */,
				251DD5A42A1523C3005951B8 /* UIView+Extension .swift in Sources */,
				251DD5A82A1525AD005951B8 /* NetworkResult.swift in Sources */,
			);
			runOnlyForDeploymentPostprocessing = 0;
		};
/* End PBXSourcesBuildPhase section */

/* Begin PBXVariantGroup section */
		251DD57E2A1520C7005951B8 /* LaunchScreen.storyboard */ = {
			isa = PBXVariantGroup;
			children = (
				251DD57F2A1520C7005951B8 /* Base */,
			);
			name = LaunchScreen.storyboard;
			sourceTree = "<group>";
		};
/* End PBXVariantGroup section */

/* Begin XCBuildConfiguration section */
		251DD5822A1520C7005951B8 /* Debug */ = {
			isa = XCBuildConfiguration;
			buildSettings = {
				ALWAYS_SEARCH_USER_PATHS = NO;
				CLANG_ANALYZER_NONNULL = YES;
				CLANG_ANALYZER_NUMBER_OBJECT_CONVERSION = YES_AGGRESSIVE;
				CLANG_CXX_LANGUAGE_STANDARD = "gnu++20";
				CLANG_ENABLE_MODULES = YES;
				CLANG_ENABLE_OBJC_ARC = YES;
				CLANG_ENABLE_OBJC_WEAK = YES;
				CLANG_WARN_BLOCK_CAPTURE_AUTORELEASING = YES;
				CLANG_WARN_BOOL_CONVERSION = YES;
				CLANG_WARN_COMMA = YES;
				CLANG_WARN_CONSTANT_CONVERSION = YES;
				CLANG_WARN_DEPRECATED_OBJC_IMPLEMENTATIONS = YES;
				CLANG_WARN_DIRECT_OBJC_ISA_USAGE = YES_ERROR;
				CLANG_WARN_DOCUMENTATION_COMMENTS = YES;
				CLANG_WARN_EMPTY_BODY = YES;
				CLANG_WARN_ENUM_CONVERSION = YES;
				CLANG_WARN_INFINITE_RECURSION = YES;
				CLANG_WARN_INT_CONVERSION = YES;
				CLANG_WARN_NON_LITERAL_NULL_CONVERSION = YES;
				CLANG_WARN_OBJC_IMPLICIT_RETAIN_SELF = YES;
				CLANG_WARN_OBJC_LITERAL_CONVERSION = YES;
				CLANG_WARN_OBJC_ROOT_CLASS = YES_ERROR;
				CLANG_WARN_QUOTED_INCLUDE_IN_FRAMEWORK_HEADER = YES;
				CLANG_WARN_RANGE_LOOP_ANALYSIS = YES;
				CLANG_WARN_STRICT_PROTOTYPES = YES;
				CLANG_WARN_SUSPICIOUS_MOVE = YES;
				CLANG_WARN_UNGUARDED_AVAILABILITY = YES_AGGRESSIVE;
				CLANG_WARN_UNREACHABLE_CODE = YES;
				CLANG_WARN__DUPLICATE_METHOD_MATCH = YES;
				COPY_PHASE_STRIP = NO;
				DEBUG_INFORMATION_FORMAT = dwarf;
				ENABLE_STRICT_OBJC_MSGSEND = YES;
				ENABLE_TESTABILITY = YES;
				GCC_C_LANGUAGE_STANDARD = gnu11;
				GCC_DYNAMIC_NO_PIC = NO;
				GCC_NO_COMMON_BLOCKS = YES;
				GCC_OPTIMIZATION_LEVEL = 0;
				GCC_PREPROCESSOR_DEFINITIONS = (
					"DEBUG=1",
					"$(inherited)",
				);
				GCC_WARN_64_TO_32_BIT_CONVERSION = YES;
				GCC_WARN_ABOUT_RETURN_TYPE = YES_ERROR;
				GCC_WARN_UNDECLARED_SELECTOR = YES;
				GCC_WARN_UNINITIALIZED_AUTOS = YES_AGGRESSIVE;
				GCC_WARN_UNUSED_FUNCTION = YES;
				GCC_WARN_UNUSED_VARIABLE = YES;
				IPHONEOS_DEPLOYMENT_TARGET = 16.4;
				MTL_ENABLE_DEBUG_INFO = INCLUDE_SOURCE;
				MTL_FAST_MATH = YES;
				ONLY_ACTIVE_ARCH = YES;
				SDKROOT = iphoneos;
				SWIFT_ACTIVE_COMPILATION_CONDITIONS = DEBUG;
				SWIFT_OPTIMIZATION_LEVEL = "-Onone";
			};
			name = Debug;
		};
		251DD5832A1520C7005951B8 /* Release */ = {
			isa = XCBuildConfiguration;
			buildSettings = {
				ALWAYS_SEARCH_USER_PATHS = NO;
				CLANG_ANALYZER_NONNULL = YES;
				CLANG_ANALYZER_NUMBER_OBJECT_CONVERSION = YES_AGGRESSIVE;
				CLANG_CXX_LANGUAGE_STANDARD = "gnu++20";
				CLANG_ENABLE_MODULES = YES;
				CLANG_ENABLE_OBJC_ARC = YES;
				CLANG_ENABLE_OBJC_WEAK = YES;
				CLANG_WARN_BLOCK_CAPTURE_AUTORELEASING = YES;
				CLANG_WARN_BOOL_CONVERSION = YES;
				CLANG_WARN_COMMA = YES;
				CLANG_WARN_CONSTANT_CONVERSION = YES;
				CLANG_WARN_DEPRECATED_OBJC_IMPLEMENTATIONS = YES;
				CLANG_WARN_DIRECT_OBJC_ISA_USAGE = YES_ERROR;
				CLANG_WARN_DOCUMENTATION_COMMENTS = YES;
				CLANG_WARN_EMPTY_BODY = YES;
				CLANG_WARN_ENUM_CONVERSION = YES;
				CLANG_WARN_INFINITE_RECURSION = YES;
				CLANG_WARN_INT_CONVERSION = YES;
				CLANG_WARN_NON_LITERAL_NULL_CONVERSION = YES;
				CLANG_WARN_OBJC_IMPLICIT_RETAIN_SELF = YES;
				CLANG_WARN_OBJC_LITERAL_CONVERSION = YES;
				CLANG_WARN_OBJC_ROOT_CLASS = YES_ERROR;
				CLANG_WARN_QUOTED_INCLUDE_IN_FRAMEWORK_HEADER = YES;
				CLANG_WARN_RANGE_LOOP_ANALYSIS = YES;
				CLANG_WARN_STRICT_PROTOTYPES = YES;
				CLANG_WARN_SUSPICIOUS_MOVE = YES;
				CLANG_WARN_UNGUARDED_AVAILABILITY = YES_AGGRESSIVE;
				CLANG_WARN_UNREACHABLE_CODE = YES;
				CLANG_WARN__DUPLICATE_METHOD_MATCH = YES;
				COPY_PHASE_STRIP = NO;
				DEBUG_INFORMATION_FORMAT = "dwarf-with-dsym";
				ENABLE_NS_ASSERTIONS = NO;
				ENABLE_STRICT_OBJC_MSGSEND = YES;
				GCC_C_LANGUAGE_STANDARD = gnu11;
				GCC_NO_COMMON_BLOCKS = YES;
				GCC_WARN_64_TO_32_BIT_CONVERSION = YES;
				GCC_WARN_ABOUT_RETURN_TYPE = YES_ERROR;
				GCC_WARN_UNDECLARED_SELECTOR = YES;
				GCC_WARN_UNINITIALIZED_AUTOS = YES_AGGRESSIVE;
				GCC_WARN_UNUSED_FUNCTION = YES;
				GCC_WARN_UNUSED_VARIABLE = YES;
				IPHONEOS_DEPLOYMENT_TARGET = 16.4;
				MTL_ENABLE_DEBUG_INFO = NO;
				MTL_FAST_MATH = YES;
				SDKROOT = iphoneos;
				SWIFT_COMPILATION_MODE = wholemodule;
				SWIFT_OPTIMIZATION_LEVEL = "-O";
				VALIDATE_PRODUCT = YES;
			};
			name = Release;
		};
		251DD5852A1520C7005951B8 /* Debug */ = {
			isa = XCBuildConfiguration;
			buildSettings = {
				ASSETCATALOG_COMPILER_APPICON_NAME = AppIcon;
				ASSETCATALOG_COMPILER_GLOBAL_ACCENT_COLOR_NAME = AccentColor;
				CODE_SIGN_STYLE = Automatic;
				CURRENT_PROJECT_VERSION = 1;
				DEVELOPMENT_TEAM = X96X8FG389;
				GENERATE_INFOPLIST_FILE = YES;
				INFOPLIST_FILE = "SOPKATHON-11-iOS/Info.plist";
				INFOPLIST_KEY_UIApplicationSupportsIndirectInputEvents = YES;
				INFOPLIST_KEY_UILaunchStoryboardName = LaunchScreen;
				INFOPLIST_KEY_UISupportedInterfaceOrientations_iPad = "UIInterfaceOrientationPortrait UIInterfaceOrientationPortraitUpsideDown UIInterfaceOrientationLandscapeLeft UIInterfaceOrientationLandscapeRight";
				INFOPLIST_KEY_UISupportedInterfaceOrientations_iPhone = "UIInterfaceOrientationPortrait UIInterfaceOrientationLandscapeLeft UIInterfaceOrientationLandscapeRight";
				LD_RUNPATH_SEARCH_PATHS = (
					"$(inherited)",
					"@executable_path/Frameworks",
				);
				MARKETING_VERSION = 1.0;
				PRODUCT_BUNDLE_IDENTIFIER = "Sopt-Cheon.SOPKATHON-11-iOS";
				PRODUCT_NAME = "$(TARGET_NAME)";
				SWIFT_EMIT_LOC_STRINGS = YES;
				SWIFT_VERSION = 5.0;
				TARGETED_DEVICE_FAMILY = "1,2";
			};
			name = Debug;
		};
		251DD5862A1520C7005951B8 /* Release */ = {
			isa = XCBuildConfiguration;
			buildSettings = {
				ASSETCATALOG_COMPILER_APPICON_NAME = AppIcon;
				ASSETCATALOG_COMPILER_GLOBAL_ACCENT_COLOR_NAME = AccentColor;
				CODE_SIGN_STYLE = Automatic;
				CURRENT_PROJECT_VERSION = 1;
				DEVELOPMENT_TEAM = X96X8FG389;
				GENERATE_INFOPLIST_FILE = YES;
				INFOPLIST_FILE = "SOPKATHON-11-iOS/Info.plist";
				INFOPLIST_KEY_UIApplicationSupportsIndirectInputEvents = YES;
				INFOPLIST_KEY_UILaunchStoryboardName = LaunchScreen;
				INFOPLIST_KEY_UISupportedInterfaceOrientations_iPad = "UIInterfaceOrientationPortrait UIInterfaceOrientationPortraitUpsideDown UIInterfaceOrientationLandscapeLeft UIInterfaceOrientationLandscapeRight";
				INFOPLIST_KEY_UISupportedInterfaceOrientations_iPhone = "UIInterfaceOrientationPortrait UIInterfaceOrientationLandscapeLeft UIInterfaceOrientationLandscapeRight";
				LD_RUNPATH_SEARCH_PATHS = (
					"$(inherited)",
					"@executable_path/Frameworks",
				);
				MARKETING_VERSION = 1.0;
				PRODUCT_BUNDLE_IDENTIFIER = "Sopt-Cheon.SOPKATHON-11-iOS";
				PRODUCT_NAME = "$(TARGET_NAME)";
				SWIFT_EMIT_LOC_STRINGS = YES;
				SWIFT_VERSION = 5.0;
				TARGETED_DEVICE_FAMILY = "1,2";
			};
			name = Release;
		};
/* End XCBuildConfiguration section */

/* Begin XCConfigurationList section */
		251DD56B2A1520C6005951B8 /* Build configuration list for PBXProject "SOPKATHON-11-iOS" */ = {
			isa = XCConfigurationList;
			buildConfigurations = (
				251DD5822A1520C7005951B8 /* Debug */,
				251DD5832A1520C7005951B8 /* Release */,
			);
			defaultConfigurationIsVisible = 0;
			defaultConfigurationName = Release;
		};
		251DD5842A1520C7005951B8 /* Build configuration list for PBXNativeTarget "SOPKATHON-11-iOS" */ = {
			isa = XCConfigurationList;
			buildConfigurations = (
				251DD5852A1520C7005951B8 /* Debug */,
				251DD5862A1520C7005951B8 /* Release */,
			);
			defaultConfigurationIsVisible = 0;
			defaultConfigurationName = Release;
		};
/* End XCConfigurationList section */

/* Begin XCRemoteSwiftPackageReference section */
		251DD5982A152309005951B8 /* XCRemoteSwiftPackageReference "SnapKit" */ = {
			isa = XCRemoteSwiftPackageReference;
			repositoryURL = "https://github.com/SnapKit/SnapKit.git";
			requirement = {
				kind = upToNextMajorVersion;
				minimumVersion = 5.0.0;
			};
		};
		251DD59B2A152313005951B8 /* XCRemoteSwiftPackageReference "Then" */ = {
			isa = XCRemoteSwiftPackageReference;
			repositoryURL = "https://github.com/devxoul/Then.git";
			requirement = {
				kind = upToNextMajorVersion;
				minimumVersion = 3.0.0;
			};
		};
		251DD59E2A15231E005951B8 /* XCRemoteSwiftPackageReference "Alamofire" */ = {
			isa = XCRemoteSwiftPackageReference;
			repositoryURL = "https://github.com/Alamofire/Alamofire.git";
			requirement = {
				kind = upToNextMajorVersion;
				minimumVersion = 5.0.0;
			};
		};
		251DD5AB2A15262F005951B8 /* XCRemoteSwiftPackageReference "Kingfisher" */ = {
			isa = XCRemoteSwiftPackageReference;
			repositoryURL = "https://github.com/onevcat/Kingfisher.git";
			requirement = {
				kind = upToNextMajorVersion;
				minimumVersion = 7.0.0;
			};
		};
/* End XCRemoteSwiftPackageReference section */

/* Begin XCSwiftPackageProductDependency section */
		251DD5992A152309005951B8 /* SnapKit */ = {
			isa = XCSwiftPackageProductDependency;
			package = 251DD5982A152309005951B8 /* XCRemoteSwiftPackageReference "SnapKit" */;
			productName = SnapKit;
		};
		251DD59C2A152313005951B8 /* Then */ = {
			isa = XCSwiftPackageProductDependency;
			package = 251DD59B2A152313005951B8 /* XCRemoteSwiftPackageReference "Then" */;
			productName = Then;
		};
		251DD59F2A15231E005951B8 /* Alamofire */ = {
			isa = XCSwiftPackageProductDependency;
			package = 251DD59E2A15231E005951B8 /* XCRemoteSwiftPackageReference "Alamofire" */;
			productName = Alamofire;
		};
		251DD5AC2A15262F005951B8 /* Kingfisher */ = {
			isa = XCSwiftPackageProductDependency;
			package = 251DD5AB2A15262F005951B8 /* XCRemoteSwiftPackageReference "Kingfisher" */;
			productName = Kingfisher;
		};
/* End XCSwiftPackageProductDependency section */
	};
	rootObject = 251DD5682A1520C6005951B8 /* Project object */;
}
